// !$*UTF8*$!
{
	archiveVersion = 1;
	classes = {
	};
	objectVersion = 50;
	objects = {

/* Begin PBXBuildFile section */
		231729CD218FA0390027D5DD /* QuestionViewController.swift in Sources */ = {isa = PBXBuildFile; fileRef = 231729CC218FA0390027D5DD /* QuestionViewController.swift */; };
		2328CF812187F91700B45978 /* AppData.swift in Sources */ = {isa = PBXBuildFile; fileRef = 2328CF802187F91700B45978 /* AppData.swift */; };
		23438E1B2185899800D8D5BE /* AppDelegate.swift in Sources */ = {isa = PBXBuildFile; fileRef = 23438E1A2185899800D8D5BE /* AppDelegate.swift */; };
		23438E1D2185899800D8D5BE /* HomeViewController.swift in Sources */ = {isa = PBXBuildFile; fileRef = 23438E1C2185899800D8D5BE /* HomeViewController.swift */; };
		23438E202185899800D8D5BE /* Main.storyboard in Resources */ = {isa = PBXBuildFile; fileRef = 23438E1E2185899800D8D5BE /* Main.storyboard */; };
		23438E222185899800D8D5BE /* Assets.xcassets in Resources */ = {isa = PBXBuildFile; fileRef = 23438E212185899800D8D5BE /* Assets.xcassets */; };
		23438E252185899800D8D5BE /* LaunchScreen.storyboard in Resources */ = {isa = PBXBuildFile; fileRef = 23438E232185899800D8D5BE /* LaunchScreen.storyboard */; };
		23438E302185899800D8D5BE /* iQuizTests.swift in Sources */ = {isa = PBXBuildFile; fileRef = 23438E2F2185899800D8D5BE /* iQuizTests.swift */; };
		23438E3B2185899800D8D5BE /* iQuizUITests.swift in Sources */ = {isa = PBXBuildFile; fileRef = 23438E3A2185899800D8D5BE /* iQuizUITests.swift */; };
/* End PBXBuildFile section */

/* Begin PBXContainerItemProxy section */
		23438E2C2185899800D8D5BE /* PBXContainerItemProxy */ = {
			isa = PBXContainerItemProxy;
			containerPortal = 23438E0F2185899800D8D5BE /* Project object */;
			proxyType = 1;
			remoteGlobalIDString = 23438E162185899800D8D5BE;
			remoteInfo = iQuiz;
		};
		23438E372185899800D8D5BE /* PBXContainerItemProxy */ = {
			isa = PBXContainerItemProxy;
			containerPortal = 23438E0F2185899800D8D5BE /* Project object */;
			proxyType = 1;
			remoteGlobalIDString = 23438E162185899800D8D5BE;
			remoteInfo = iQuiz;
		};
/* End PBXContainerItemProxy section */

/* Begin PBXFileReference section */
		231729CC218FA0390027D5DD /* QuestionViewController.swift */ = {isa = PBXFileReference; lastKnownFileType = sourcecode.swift; name = QuestionViewController.swift; path = ../QuestionViewController.swift; sourceTree = "<group>"; };
		2328CF802187F91700B45978 /* AppData.swift */ = {isa = PBXFileReference; lastKnownFileType = sourcecode.swift; path = AppData.swift; sourceTree = "<group>"; };
		23438E172185899800D8D5BE /* iQuiz.app */ = {isa = PBXFileReference; explicitFileType = wrapper.application; includeInIndex = 0; path = iQuiz.app; sourceTree = BUILT_PRODUCTS_DIR; };
		23438E1A2185899800D8D5BE /* AppDelegate.swift */ = {isa = PBXFileReference; lastKnownFileType = sourcecode.swift; path = AppDelegate.swift; sourceTree = "<group>"; };
		23438E1C2185899800D8D5BE /* HomeViewController.swift */ = {isa = PBXFileReference; lastKnownFileType = sourcecode.swift; path = HomeViewController.swift; sourceTree = "<group>"; };
		23438E1F2185899800D8D5BE /* Base */ = {isa = PBXFileReference; lastKnownFileType = file.storyboard; name = Base; path = Base.lproj/Main.storyboard; sourceTree = "<group>"; };
		23438E212185899800D8D5BE /* Assets.xcassets */ = {isa = PBXFileReference; lastKnownFileType = folder.assetcatalog; path = Assets.xcassets; sourceTree = "<group>"; };
		23438E242185899800D8D5BE /* Base */ = {isa = PBXFileReference; lastKnownFileType = file.storyboard; name = Base; path = Base.lproj/LaunchScreen.storyboard; sourceTree = "<group>"; };
		23438E262185899800D8D5BE /* Info.plist */ = {isa = PBXFileReference; lastKnownFileType = text.plist.xml; path = Info.plist; sourceTree = "<group>"; };
		23438E2B2185899800D8D5BE /* iQuizTests.xctest */ = {isa = PBXFileReference; explicitFileType = wrapper.cfbundle; includeInIndex = 0; path = iQuizTests.xctest; sourceTree = BUILT_PRODUCTS_DIR; };
		23438E2F2185899800D8D5BE /* iQuizTests.swift */ = {isa = PBXFileReference; lastKnownFileType = sourcecode.swift; path = iQuizTests.swift; sourceTree = "<group>"; };
		23438E312185899800D8D5BE /* Info.plist */ = {isa = PBXFileReference; lastKnownFileType = text.plist.xml; path = Info.plist; sourceTree = "<group>"; };
		23438E362185899800D8D5BE /* iQuizUITests.xctest */ = {isa = PBXFileReference; explicitFileType = wrapper.cfbundle; includeInIndex = 0; path = iQuizUITests.xctest; sourceTree = BUILT_PRODUCTS_DIR; };
		23438E3A2185899800D8D5BE /* iQuizUITests.swift */ = {isa = PBXFileReference; lastKnownFileType = sourcecode.swift; path = iQuizUITests.swift; sourceTree = "<group>"; };
		23438E3C2185899900D8D5BE /* Info.plist */ = {isa = PBXFileReference; lastKnownFileType = text.plist.xml; path = Info.plist; sourceTree = "<group>"; };
/* End PBXFileReference section */

/* Begin PBXFrameworksBuildPhase section */
		23438E142185899800D8D5BE /* Frameworks */ = {
			isa = PBXFrameworksBuildPhase;
			buildActionMask = 2147483647;
			files = (
			);
			runOnlyForDeploymentPostprocessing = 0;
		};
		23438E282185899800D8D5BE /* Frameworks */ = {
			isa = PBXFrameworksBuildPhase;
			buildActionMask = 2147483647;
			files = (
			);
			runOnlyForDeploymentPostprocessing = 0;
		};
		23438E332185899800D8D5BE /* Frameworks */ = {
			isa = PBXFrameworksBuildPhase;
			buildActionMask = 2147483647;
			files = (
			);
			runOnlyForDeploymentPostprocessing = 0;
		};
/* End PBXFrameworksBuildPhase section */

/* Begin PBXGroup section */
		23438E0E2185899800D8D5BE = {
			isa = PBXGroup;
			children = (
				23438E192185899800D8D5BE /* iQuiz */,
				23438E2E2185899800D8D5BE /* iQuizTests */,
				23438E392185899800D8D5BE /* iQuizUITests */,
				23438E182185899800D8D5BE /* Products */,
			);
			sourceTree = "<group>";
		};
		23438E182185899800D8D5BE /* Products */ = {
			isa = PBXGroup;
			children = (
				23438E172185899800D8D5BE /* iQuiz.app */,
				23438E2B2185899800D8D5BE /* iQuizTests.xctest */,
				23438E362185899800D8D5BE /* iQuizUITests.xctest */,
			);
			name = Products;
			sourceTree = "<group>";
		};
		23438E192185899800D8D5BE /* iQuiz */ = {
			isa = PBXGroup;
			children = (
				231729CC218FA0390027D5DD /* QuestionViewController.swift */,
				23438E1A2185899800D8D5BE /* AppDelegate.swift */,
				23438E1C2185899800D8D5BE /* HomeViewController.swift */,
				23438E1E2185899800D8D5BE /* Main.storyboard */,
				23438E212185899800D8D5BE /* Assets.xcassets */,
				23438E232185899800D8D5BE /* LaunchScreen.storyboard */,
				23438E262185899800D8D5BE /* Info.plist */,
				2328CF802187F91700B45978 /* AppData.swift */,
			);
			path = iQuiz;
			sourceTree = "<group>";
		};
		23438E2E2185899800D8D5BE /* iQuizTests */ = {
			isa = PBXGroup;
			children = (
				23438E2F2185899800D8D5BE /* iQuizTests.swift */,
				23438E312185899800D8D5BE /* Info.plist */,
			);
			path = iQuizTests;
			sourceTree = "<group>";
		};
		23438E392185899800D8D5BE /* iQuizUITests */ = {
			isa = PBXGroup;
			children = (
				23438E3A2185899800D8D5BE /* iQuizUITests.swift */,
				23438E3C2185899900D8D5BE /* Info.plist */,
			);
			path = iQuizUITests;
			sourceTree = "<group>";
		};
/* End PBXGroup section */

/* Begin PBXNativeTarget section */
		23438E162185899800D8D5BE /* iQuiz */ = {
			isa = PBXNativeTarget;
			buildConfigurationList = 23438E3F2185899900D8D5BE /* Build configuration list for PBXNativeTarget "iQuiz" */;
			buildPhases = (
				23438E132185899800D8D5BE /* Sources */,
				23438E142185899800D8D5BE /* Frameworks */,
				23438E152185899800D8D5BE /* Resources */,
			);
			buildRules = (
			);
			dependencies = (
			);
			name = iQuiz;
			productName = iQuiz;
			productReference = 23438E172185899800D8D5BE /* iQuiz.app */;
			productType = "com.apple.product-type.application";
		};
		23438E2A2185899800D8D5BE /* iQuizTests */ = {
			isa = PBXNativeTarget;
			buildConfigurationList = 23438E422185899900D8D5BE /* Build configuration list for PBXNativeTarget "iQuizTests" */;
			buildPhases = (
				23438E272185899800D8D5BE /* Sources */,
				23438E282185899800D8D5BE /* Frameworks */,
				23438E292185899800D8D5BE /* Resources */,
			);
			buildRules = (
			);
			dependencies = (
				23438E2D2185899800D8D5BE /* PBXTargetDependency */,
			);
			name = iQuizTests;
			productName = iQuizTests;
			productReference = 23438E2B2185899800D8D5BE /* iQuizTests.xctest */;
			productType = "com.apple.product-type.bundle.unit-test";
		};
		23438E352185899800D8D5BE /* iQuizUITests */ = {
			isa = PBXNativeTarget;
			buildConfigurationList = 23438E452185899900D8D5BE /* Build configuration list for PBXNativeTarget "iQuizUITests" */;
			buildPhases = (
				23438E322185899800D8D5BE /* Sources */,
				23438E332185899800D8D5BE /* Frameworks */,
				23438E342185899800D8D5BE /* Resources */,
			);
			buildRules = (
			);
			dependencies = (
				23438E382185899800D8D5BE /* PBXTargetDependency */,
			);
			name = iQuizUITests;
			productName = iQuizUITests;
			productReference = 23438E362185899800D8D5BE /* iQuizUITests.xctest */;
			productType = "com.apple.product-type.bundle.ui-testing";
		};
/* End PBXNativeTarget section */

/* Begin PBXProject section */
		23438E0F2185899800D8D5BE /* Project object */ = {
			isa = PBXProject;
			attributes = {
				LastSwiftUpdateCheck = 1000;
				LastUpgradeCheck = 1000;
				ORGANIZATIONNAME = "Jake Jin";
				TargetAttributes = {
					23438E162185899800D8D5BE = {
						CreatedOnToolsVersion = 10.0;
					};
					23438E2A2185899800D8D5BE = {
						CreatedOnToolsVersion = 10.0;
						TestTargetID = 23438E162185899800D8D5BE;
					};
					23438E352185899800D8D5BE = {
						CreatedOnToolsVersion = 10.0;
						TestTargetID = 23438E162185899800D8D5BE;
					};
				};
			};
			buildConfigurationList = 23438E122185899800D8D5BE /* Build configuration list for PBXProject "iQuiz" */;
			compatibilityVersion = "Xcode 9.3";
			developmentRegion = en;
			hasScannedForEncodings = 0;
			knownRegions = (
				en,
				Base,
			);
			mainGroup = 23438E0E2185899800D8D5BE;
			productRefGroup = 23438E182185899800D8D5BE /* Products */;
			projectDirPath = "";
			projectRoot = "";
			targets = (
				23438E162185899800D8D5BE /* iQuiz */,
				23438E2A2185899800D8D5BE /* iQuizTests */,
				23438E352185899800D8D5BE /* iQuizUITests */,
			);
		};
/* End PBXProject section */

/* Begin PBXResourcesBuildPhase section */
		23438E152185899800D8D5BE /* Resources */ = {
			isa = PBXResourcesBuildPhase;
			buildActionMask = 2147483647;
			files = (
				23438E252185899800D8D5BE /* LaunchScreen.storyboard in Resources */,
				23438E222185899800D8D5BE /* Assets.xcassets in Resources */,
				23438E202185899800D8D5BE /* Main.storyboard in Resources */,
			);
			runOnlyForDeploymentPostprocessing = 0;
		};
		23438E292185899800D8D5BE /* Resources */ = {
			isa = PBXResourcesBuildPhase;
			buildActionMask = 2147483647;
			files = (
			);
			runOnlyForDeploymentPostprocessing = 0;
		};
		23438E342185899800D8D5BE /* Resources */ = {
			isa = PBXResourcesBuildPhase;
			buildActionMask = 2147483647;
			files = (
			);
			runOnlyForDeploymentPostprocessing = 0;
		};
/* End PBXResourcesBuildPhase section */

/* Begin PBXSourcesBuildPhase section */
		23438E132185899800D8D5BE /* Sources */ = {
			isa = PBXSourcesBuildPhase;
			buildActionMask = 2147483647;
			files = (
				23438E1D2185899800D8D5BE /* HomeViewController.swift in Sources */,
				23438E1B2185899800D8D5BE /* AppDelegate.swift in Sources */,
				231729CD218FA0390027D5DD /* QuestionViewController.swift in Sources */,
				2328CF812187F91700B45978 /* AppData.swift in Sources */,
			);
			runOnlyForDeploymentPostprocessing = 0;
		};
		23438E272185899800D8D5BE /* Sources */ = {
			isa = PBXSourcesBuildPhase;
			buildActionMask = 2147483647;
			files = (
				23438E302185899800D8D5BE /* iQuizTests.swift in Sources */,
			);
			runOnlyForDeploymentPostprocessing = 0;
		};
		23438E322185899800D8D5BE /* Sources */ = {
			isa = PBXSourcesBuildPhase;
			buildActionMask = 2147483647;
			files = (
				23438E3B2185899800D8D5BE /* iQuizUITests.swift in Sources */,
			);
			runOnlyForDeploymentPostprocessing = 0;
		};
/* End PBXSourcesBuildPhase section */

/* Begin PBXTargetDependency section */
		23438E2D2185899800D8D5BE /* PBXTargetDependency */ = {
			isa = PBXTargetDependency;
			target = 23438E162185899800D8D5BE /* iQuiz */;
			targetProxy = 23438E2C2185899800D8D5BE /* PBXContainerItemProxy */;
		};
		23438E382185899800D8D5BE /* PBXTargetDependency */ = {
			isa = PBXTargetDependency;
			target = 23438E162185899800D8D5BE /* iQuiz */;
			targetProxy = 23438E372185899800D8D5BE /* PBXContainerItemProxy */;
		};
/* End PBXTargetDependency section */

/* Begin PBXVariantGroup section */
		23438E1E2185899800D8D5BE /* Main.storyboard */ = {
			isa = PBXVariantGroup;
			children = (
				23438E1F2185899800D8D5BE /* Base */,
			);
			name = Main.storyboard;
			sourceTree = "<group>";
		};
		23438E232185899800D8D5BE /* LaunchScreen.storyboard */ = {
			isa = PBXVariantGroup;
			children = (
				23438E242185899800D8D5BE /* Base */,
			);
			name = LaunchScreen.storyboard;
			sourceTree = "<group>";
		};
/* End PBXVariantGroup section */

/* Begin XCBuildConfiguration section */
		23438E3D2185899900D8D5BE /* Debug */ = {
			isa = XCBuildConfiguration;
			buildSettings = {
				ALWAYS_SEARCH_USER_PATHS = NO;
				CLANG_ANALYZER_NONNULL = YES;
				CLANG_ANALYZER_NUMBER_OBJECT_CONVERSION = YES_AGGRESSIVE;
				CLANG_CXX_LANGUAGE_STANDARD = "gnu++14";
				CLANG_CXX_LIBRARY = "libc++";
				CLANG_ENABLE_MODULES = YES;
				CLANG_ENABLE_OBJC_ARC = YES;
				CLANG_ENABLE_OBJC_WEAK = YES;
				CLANG_WARN_BLOCK_CAPTURE_AUTORELEASING = YES;
				CLANG_WARN_BOOL_CONVERSION = YES;
				CLANG_WARN_COMMA = YES;
				CLANG_WARN_CONSTANT_CONVERSION = YES;
				CLANG_WARN_DEPRECATED_OBJC_IMPLEMENTATIONS = YES;
				CLANG_WARN_DIRECT_OBJC_ISA_USAGE = YES_ERROR;
				CLANG_WARN_DOCUMENTATION_COMMENTS = YES;
				CLANG_WARN_EMPTY_BODY = YES;
				CLANG_WARN_ENUM_CONVERSION = YES;
				CLANG_WARN_INFINITE_RECURSION = YES;
				CLANG_WARN_INT_CONVERSION = YES;
				CLANG_WARN_NON_LITERAL_NULL_CONVERSION = YES;
				CLANG_WARN_OBJC_IMPLICIT_RETAIN_SELF = YES;
				CLANG_WARN_OBJC_LITERAL_CONVERSION = YES;
				CLANG_WARN_OBJC_ROOT_CLASS = YES_ERROR;
				CLANG_WARN_RANGE_LOOP_ANALYSIS = YES;
				CLANG_WARN_STRICT_PROTOTYPES = YES;
				CLANG_WARN_SUSPICIOUS_MOVE = YES;
				CLANG_WARN_UNGUARDED_AVAILABILITY = YES_AGGRESSIVE;
				CLANG_WARN_UNREACHABLE_CODE = YES;
				CLANG_WARN__DUPLICATE_METHOD_MATCH = YES;
				CODE_SIGN_IDENTITY = "iPhone Developer";
				COPY_PHASE_STRIP = NO;
				DEBUG_INFORMATION_FORMAT = dwarf;
				ENABLE_STRICT_OBJC_MSGSEND = YES;
				ENABLE_TESTABILITY = YES;
				GCC_C_LANGUAGE_STANDARD = gnu11;
				GCC_DYNAMIC_NO_PIC = NO;
				GCC_NO_COMMON_BLOCKS = YES;
				GCC_OPTIMIZATION_LEVEL = 0;
				GCC_PREPROCESSOR_DEFINITIONS = (
					"DEBUG=1",
					"$(inherited)",
				);
				GCC_WARN_64_TO_32_BIT_CONVERSION = YES;
				GCC_WARN_ABOUT_RETURN_TYPE = YES_ERROR;
				GCC_WARN_UNDECLARED_SELECTOR = YES;
				GCC_WARN_UNINITIALIZED_AUTOS = YES_AGGRESSIVE;
				GCC_WARN_UNUSED_FUNCTION = YES;
				GCC_WARN_UNUSED_VARIABLE = YES;
				IPHONEOS_DEPLOYMENT_TARGET = 12.0;
				MTL_ENABLE_DEBUG_INFO = INCLUDE_SOURCE;
				MTL_FAST_MATH = YES;
				ONLY_ACTIVE_ARCH = YES;
				SDKROOT = iphoneos;
				SWIFT_ACTIVE_COMPILATION_CONDITIONS = DEBUG;
				SWIFT_OPTIMIZATION_LEVEL = "-Onone";
			};
			name = Debug;
		};
		23438E3E2185899900D8D5BE /* Release */ = {
			isa = XCBuildConfiguration;
			buildSettings = {
				ALWAYS_SEARCH_USER_PATHS = NO;
				CLANG_ANALYZER_NONNULL = YES;
				CLANG_ANALYZER_NUMBER_OBJECT_CONVERSION = YES_AGGRESSIVE;
				CLANG_CXX_LANGUAGE_STANDARD = "gnu++14";
				CLANG_CXX_LIBRARY = "libc++";
				CLANG_ENABLE_MODULES = YES;
				CLANG_ENABLE_OBJC_ARC = YES;
				CLANG_ENABLE_OBJC_WEAK = YES;
				CLANG_WARN_BLOCK_CAPTURE_AUTORELEASING = YES;
				CLANG_WARN_BOOL_CONVERSION = YES;
				CLANG_WARN_COMMA = YES;
				CLANG_WARN_CONSTANT_CONVERSION = YES;
				CLANG_WARN_DEPRECATED_OBJC_IMPLEMENTATIONS = YES;
				CLANG_WARN_DIRECT_OBJC_ISA_USAGE = YES_ERROR;
				CLANG_WARN_DOCUMENTATION_COMMENTS = YES;
				CLANG_WARN_EMPTY_BODY = YES;
				CLANG_WARN_ENUM_CONVERSION = YES;
				CLANG_WARN_INFINITE_RECURSION = YES;
				CLANG_WARN_INT_CONVERSION = YES;
				CLANG_WARN_NON_LITERAL_NULL_CONVERSION = YES;
				CLANG_WARN_OBJC_IMPLICIT_RETAIN_SELF = YES;
				CLANG_WARN_OBJC_LITERAL_CONVERSION = YES;
				CLANG_WARN_OBJC_ROOT_CLASS = YES_ERROR;
				CLANG_WARN_RANGE_LOOP_ANALYSIS = YES;
				CLANG_WARN_STRICT_PROTOTYPES = YES;
				CLANG_WARN_SUSPICIOUS_MOVE = YES;
				CLANG_WARN_UNGUARDED_AVAILABILITY = YES_AGGRESSIVE;
				CLANG_WARN_UNREACHABLE_CODE = YES;
				CLANG_WARN__DUPLICATE_METHOD_MATCH = YES;
				CODE_SIGN_IDENTITY = "iPhone Developer";
				COPY_PHASE_STRIP = NO;
				DEBUG_INFORMATION_FORMAT = "dwarf-with-dsym";
				ENABLE_NS_ASSERTIONS = NO;
				ENABLE_STRICT_OBJC_MSGSEND = YES;
				GCC_C_LANGUAGE_STANDARD = gnu11;
				GCC_NO_COMMON_BLOCKS = YES;
				GCC_WARN_64_TO_32_BIT_CONVERSION = YES;
				GCC_WARN_ABOUT_RETURN_TYPE = YES_ERROR;
				GCC_WARN_UNDECLARED_SELECTOR = YES;
				GCC_WARN_UNINITIALIZED_AUTOS = YES_AGGRESSIVE;
				GCC_WARN_UNUSED_FUNCTION = YES;
				GCC_WARN_UNUSED_VARIABLE = YES;
				IPHONEOS_DEPLOYMENT_TARGET = 12.0;
				MTL_ENABLE_DEBUG_INFO = NO;
				MTL_FAST_MATH = YES;
				SDKROOT = iphoneos;
				SWIFT_COMPILATION_MODE = wholemodule;
				SWIFT_OPTIMIZATION_LEVEL = "-O";
				VALIDATE_PRODUCT = YES;
			};
			name = Release;
		};
		23438E402185899900D8D5BE /* Debug */ = {
			isa = XCBuildConfiguration;
			buildSettings = {
				ASSETCATALOG_COMPILER_APPICON_NAME = AppIcon;
				CODE_SIGN_STYLE = Automatic;
				DEVELOPMENT_TEAM = DDMJCCSGM5;
				INFOPLIST_FILE = iQuiz/Info.plist;
				IPHONEOS_DEPLOYMENT_TARGET = 10.3;
				LD_RUNPATH_SEARCH_PATHS = (
					"$(inherited)",
					"@executable_path/Frameworks",
				);
				PRODUCT_BUNDLE_IDENTIFIER = uwgin.uw.edu.iQuiz;
				PRODUCT_NAME = "$(TARGET_NAME)";
				SWIFT_VERSION = 4.2;
				TARGETED_DEVICE_FAMILY = "1,2";
			};
			name = Debug;
		};
		23438E412185899900D8D5BE /* Release */ = {
			isa = XCBuildConfiguration;
			buildSettings = {
				ASSETCATALOG_COMPILER_APPICON_NAME = AppIcon;
				CODE_SIGN_STYLE = Automatic;
				DEVELOPMENT_TEAM = DDMJCCSGM5;
				INFOPLIST_FILE = iQuiz/Info.plist;
				IPHONEOS_DEPLOYMENT_TARGET = 10.3;
				LD_RUNPATH_SEARCH_PATHS = (
					"$(inherited)",
					"@executable_path/Frameworks",
				);
				PRODUCT_BUNDLE_IDENTIFIER = uwgin.uw.edu.iQuiz;
				PRODUCT_NAME = "$(TARGET_NAME)";
				SWIFT_VERSION = 4.2;
				TARGETED_DEVICE_FAMILY = "1,2";
			};
			name = Release;
		};
		23438E432185899900D8D5BE /* Debug */ = {
			isa = XCBuildConfiguration;
			buildSettings = {
				ALWAYS_EMBED_SWIFT_STANDARD_LIBRARIES = YES;
				BUNDLE_LOADER = "$(TEST_HOST)";
				CODE_SIGN_STYLE = Automatic;
				DEVELOPMENT_TEAM = DDMJCCSGM5;
				INFOPLIST_FILE = iQuizTests/Info.plist;
				LD_RUNPATH_SEARCH_PATHS = (
					"$(inherited)",
					"@executable_path/Frameworks",
					"@loader_path/Frameworks",
				);
				PRODUCT_BUNDLE_IDENTIFIER = uwgin.uw.edu.iQuizTests;
				PRODUCT_NAME = "$(TARGET_NAME)";
				SWIFT_VERSION = 4.2;
				TARGETED_DEVICE_FAMILY = "1,2";
				TEST_HOST = "$(BUILT_PRODUCTS_DIR)/iQuiz.app/iQuiz";
			};
			name = Debug;
		};
		23438E442185899900D8D5BE /* Release */ = {
			isa = XCBuildConfiguration;
			buildSettings = {
				ALWAYS_EMBED_SWIFT_STANDARD_LIBRARIES = YES;
				BUNDLE_LOADER = "$(TEST_HOST)";
				CODE_SIGN_STYLE = Automatic;
				DEVELOPMENT_TEAM = DDMJCCSGM5;
				INFOPLIST_FILE = iQuizTests/Info.plist;
				LD_RUNPATH_SEARCH_PATHS = (
					"$(inherited)",
					"@executable_path/Frameworks",
					"@loader_path/Frameworks",
				);
				PRODUCT_BUNDLE_IDENTIFIER = uwgin.uw.edu.iQuizTests;
				PRODUCT_NAME = "$(TARGET_NAME)";
				SWIFT_VERSION = 4.2;
				TARGETED_DEVICE_FAMILY = "1,2";
				TEST_HOST = "$(BUILT_PRODUCTS_DIR)/iQuiz.app/iQuiz";
			};
			name = Release;
		};
		23438E462185899900D8D5BE /* Debug */ = {
			isa = XCBuildConfiguration;
			buildSettings = {
				ALWAYS_EMBED_SWIFT_STANDARD_LIBRARIES = YES;
				CODE_SIGN_STYLE = Automatic;
				DEVELOPMENT_TEAM = DDMJCCSGM5;
				INFOPLIST_FILE = iQuizUITests/Info.plist;
				LD_RUNPATH_SEARCH_PATHS = (
					"$(inherited)",
					"@executable_path/Frameworks",
					"@loader_path/Frameworks",
				);
				PRODUCT_BUNDLE_IDENTIFIER = uwgin.uw.edu.iQuizUITests;
				PRODUCT_NAME = "$(TARGET_NAME)";
				SWIFT_VERSION = 4.2;
				TARGETED_DEVICE_FAMILY = "1,2";
				TEST_TARGET_NAME = iQuiz;
			};
			name = Debug;
		};
		23438E472185899900D8D5BE /* Release */ = {
			isa = XCBuildConfiguration;
			buildSettings = {
				ALWAYS_EMBED_SWIFT_STANDARD_LIBRARIES = YES;
				CODE_SIGN_STYLE = Automatic;
				DEVELOPMENT_TEAM = DDMJCCSGM5;
				INFOPLIST_FILE = iQuizUITests/Info.plist;
				LD_RUNPATH_SEARCH_PATHS = (
					"$(inherited)",
					"@executable_path/Frameworks",
					"@loader_path/Frameworks",
				);
				PRODUCT_BUNDLE_IDENTIFIER = uwgin.uw.edu.iQuizUITests;
				PRODUCT_NAME = "$(TARGET_NAME)";
				SWIFT_VERSION = 4.2;
				TARGETED_DEVICE_FAMILY = "1,2";
				TEST_TARGET_NAME = iQuiz;
			};
			name = Release;
		};
/* End XCBuildConfiguration section */

/* Begin XCConfigurationList section */
		23438E122185899800D8D5BE /* Build configuration list for PBXProject "iQuiz" */ = {
			isa = XCConfigurationList;
			buildConfigurations = (
				23438E3D2185899900D8D5BE /* Debug */,
				23438E3E2185899900D8D5BE /* Release */,
			);
			defaultConfigurationIsVisible = 0;
			defaultConfigurationName = Release;
		};
		23438E3F2185899900D8D5BE /* Build configuration list for PBXNativeTarget "iQuiz" */ = {
			isa = XCConfigurationList;
			buildConfigurations = (
				23438E402185899900D8D5BE /* Debug */,
				23438E412185899900D8D5BE /* Release */,
			);
			defaultConfigurationIsVisible = 0;
			defaultConfigurationName = Release;
		};
		23438E422185899900D8D5BE /* Build configuration list for PBXNativeTarget "iQuizTests" */ = {
			isa = XCConfigurationList;
			buildConfigurations = (
				23438E432185899900D8D5BE /* Debug */,
				23438E442185899900D8D5BE /* Release */,
			);
			defaultConfigurationIsVisible = 0;
			defaultConfigurationName = Release;
		};
		23438E452185899900D8D5BE /* Build configuration list for PBXNativeTarget "iQuizUITests" */ = {
			isa = XCConfigurationList;
			buildConfigurations = (
				23438E462185899900D8D5BE /* Debug */,
				23438E472185899900D8D5BE /* Release */,
			);
			defaultConfigurationIsVisible = 0;
			defaultConfigurationName = Release;
		};
/* End XCConfigurationList section */
	};
	rootObject = 23438E0F2185899800D8D5BE /* Project object */;
}
